{
  "nodes": {
    "nixpkgs": {
      "locked": {
        "lastModified": 1764807826,
        "narHash": "sha256-cE0scP4elwDbHL9CgfTZPcmfOL0rejdZ4jfElgPOevo=",
        "owner": "NixOS",
        "repo": "nixpkgs",
        "rev": "7984c035744372e4ce676f8550368fc5ade44709",
        "type": "github"
      },
      "original": {
        "owner": "NixOS",
        "ref": "pull/466258/head",
        "repo": "nixpkgs",
        "type": "github"
      }
    },
    "root": {
      "inputs": {
        "nixpkgs": "nixpkgs"
      }
    }
  },
  "root": "root",
  "version": 7
}
